
Microsoft Visual Studio Solution File, Format Version 12.00
# Visual Studio Version 16
VisualStudioVersion = 16.0.32228.343
MinimumVisualStudioVersion = 10.0.40219.1
Project("{9A19103F-16F7-4668-BE54-9A1E7A4F7556}") = "ExampleWebSite", "ExampleWebSite\ExampleWebSite.csproj", "{2037525D-F82D-4213-97BA-FD6295371D30}"
EndProject
Global
	GlobalSection(SolutionConfigurationPlatforms) = preSolution
		Debug|Any CPU = Debug|Any CPU
		Release|Any CPU = Release|Any CPU
	EndGlobalSection
	GlobalSection(ProjectConfigurationPlatforms) = postSolution
		{2037525D-F82D-4213-97BA-FD6295371D30}.Debug|Any CPU.ActiveCfg = Debug|Any CPU
		{2037525D-F82D-4213-97BA-FD6295371D30}.Debug|Any CPU.Build.0 = Debug|Any CPU
		{2037525D-F82D-4213-97BA-FD6295371D30}.Release|Any CPU.ActiveCfg = Release|Any CPU
		{2037525D-F82D-4213-97BA-FD6295371D30}.Release|Any CPU.Build.0 = Release|Any CPU
	EndGlobalSection
	GlobalSection(SolutionProperties) = preSolution
		HideSolutionNode = FALSE
	EndGlobalSection
	GlobalSection(ExtensibilityGlobals) = postSolution
		SolutionGuid = {04C49BDE-40FE-4044-928A-CB250128F4F9}
	EndGlobalSection
EndGlobal
